
Microsoft Visual Studio Solution File, Format Version 12.00
Project("{FAE04EC0-301F-11D3-BF4B-00C04F79EFBC}") = "PrisonerManagementPanel-1.5", "PrisonerManagementPanel-1.5.csproj", "{D79A96F7-6FA6-4BAE-8B23-4E2F74C75646}"
EndProject
Global
	GlobalSection(SolutionConfigurationPlatforms) = preSolution
		Debug|Any CPU = Debug|Any CPU
		Release|Any CPU = Release|Any CPU
	EndGlobalSection
	GlobalSection(ProjectConfigurationPlatforms) = postSolution
		{D79A96F7-6FA6-4BAE-8B23-4E2F74C75646}.Debug|Any CPU.ActiveCfg = Debug|Any CPU
		{D79A96F7-6FA6-4BAE-8B23-4E2F74C75646}.Debug|Any CPU.Build.0 = Debug|Any CPU
		{D79A96F7-6FA6-4BAE-8B23-4E2F74C75646}.Release|Any CPU.ActiveCfg = Release|Any CPU
		{D79A96F7-6FA6-4BAE-8B23-4E2F74C75646}.Release|Any CPU.Build.0 = Release|Any CPU
	EndGlobalSection
EndGlobal
